
Microsoft Visual Studio Solution File, Format Version 12.00
# Visual Studio Version 17
VisualStudioVersion = 17.4.33205.214
MinimumVisualStudioVersion = 10.0.40219.1
Project("{FAE04EC0-301F-11D3-BF4B-00C04F79EFBC}") = "Lesson_CS_4", "Lesson_CS_4\Lesson_CS_4.csproj", "{EA408D90-1D7C-4107-AF2F-939804B01662}"
EndProject
Global
	GlobalSection(SolutionConfigurationPlatforms) = preSolution
		Debug|Any CPU = Debug|Any CPU
		Release|Any CPU = Release|Any CPU
	EndGlobalSection
	GlobalSection(ProjectConfigurationPlatforms) = postSolution
		{EA408D90-1D7C-4107-AF2F-939804B01662}.Debug|Any CPU.ActiveCfg = Debug|Any CPU
		{EA408D90-1D7C-4107-AF2F-939804B01662}.Debug|Any CPU.Build.0 = Debug|Any CPU
		{EA408D90-1D7C-4107-AF2F-939804B01662}.Release|Any CPU.ActiveCfg = Release|Any CPU
		{EA408D90-1D7C-4107-AF2F-939804B01662}.Release|Any CPU.Build.0 = Release|Any CPU
	EndGlobalSection
	GlobalSection(SolutionProperties) = preSolution
		HideSolutionNode = FALSE
	EndGlobalSection
	GlobalSection(ExtensibilityGlobals) = postSolution
		SolutionGuid = {3709B675-DBE5-42FB-BC92-C21E7FB39B21}
	EndGlobalSection
EndGlobal
